
Microsoft Visual Studio Solution File, Format Version 12.00
# Visual Studio Version 17
VisualStudioVersion = 17.13.35931.197 d17.13
MinimumVisualStudioVersion = 10.0.40219.1
Project("{FAE04EC0-301F-11D3-BF4B-00C04F79EFBC}") = "zd3_shestakov", "zd3_shestakov.csproj", "{04244110-176D-4420-A52E-4671D19F103C}"
EndProject
Project("{FAE04EC0-301F-11D3-BF4B-00C04F79EFBC}") = "ClassLib", "..\ClassLib\ClassLib.csproj", "{2C3E9AA3-953A-4919-BFC9-751A6BA70B9F}"
EndProject
Project("{FAE04EC0-301F-11D3-BF4B-00C04F79EFBC}") = "Testiki", "..\Testiki\Testiki.csproj", "{1BC329F8-36E7-4D47-A8C5-180B1BB60A41}"
EndProject
Global
	GlobalSection(SolutionConfigurationPlatforms) = preSolution
		Debug|Any CPU = Debug|Any CPU
		Release|Any CPU = Release|Any CPU
	EndGlobalSection
	GlobalSection(ProjectConfigurationPlatforms) = postSolution
		{04244110-176D-4420-A52E-4671D19F103C}.Debug|Any CPU.ActiveCfg = Debug|Any CPU
		{04244110-176D-4420-A52E-4671D19F103C}.Debug|Any CPU.Build.0 = Debug|Any CPU
		{04244110-176D-4420-A52E-4671D19F103C}.Release|Any CPU.ActiveCfg = Release|Any CPU
		{04244110-176D-4420-A52E-4671D19F103C}.Release|Any CPU.Build.0 = Release|Any CPU
		{2C3E9AA3-953A-4919-BFC9-751A6BA70B9F}.Debug|Any CPU.ActiveCfg = Debug|Any CPU
		{2C3E9AA3-953A-4919-BFC9-751A6BA70B9F}.Debug|Any CPU.Build.0 = Debug|Any CPU
		{2C3E9AA3-953A-4919-BFC9-751A6BA70B9F}.Release|Any CPU.ActiveCfg = Release|Any CPU
		{2C3E9AA3-953A-4919-BFC9-751A6BA70B9F}.Release|Any CPU.Build.0 = Release|Any CPU
		{1BC329F8-36E7-4D47-A8C5-180B1BB60A41}.Debug|Any CPU.ActiveCfg = Debug|Any CPU
		{1BC329F8-36E7-4D47-A8C5-180B1BB60A41}.Debug|Any CPU.Build.0 = Debug|Any CPU
		{1BC329F8-36E7-4D47-A8C5-180B1BB60A41}.Release|Any CPU.ActiveCfg = Release|Any CPU
		{1BC329F8-36E7-4D47-A8C5-180B1BB60A41}.Release|Any CPU.Build.0 = Release|Any CPU
	EndGlobalSection
	GlobalSection(SolutionProperties) = preSolution
		HideSolutionNode = FALSE
	EndGlobalSection
	GlobalSection(ExtensibilityGlobals) = postSolution
		SolutionGuid = {53C66414-8C44-4798-AD57-BBC90CF9ABE0}
	EndGlobalSection
EndGlobal
